
Microsoft Visual Studio Solution File, Format Version 12.00
# Visual Studio Version 16
VisualStudioVersion = 16.0.29709.97
MinimumVisualStudioVersion = 10.0.40219.1
Project("{FAE04EC0-301F-11D3-BF4B-00C04F79EFBC}") = "Csharp-SQLserver", "Csharp-SQLserver.csproj", "{009CE274-2646-4E6A-8309-20B5FF9E056C}"
EndProject
Global
	GlobalSection(SolutionConfigurationPlatforms) = preSolution
		Debug|Any CPU = Debug|Any CPU
		Release|Any CPU = Release|Any CPU
	EndGlobalSection
	GlobalSection(ProjectConfigurationPlatforms) = postSolution
		{009CE274-2646-4E6A-8309-20B5FF9E056C}.Debug|Any CPU.ActiveCfg = Debug|Any CPU
		{009CE274-2646-4E6A-8309-20B5FF9E056C}.Debug|Any CPU.Build.0 = Debug|Any CPU
		{009CE274-2646-4E6A-8309-20B5FF9E056C}.Release|Any CPU.ActiveCfg = Release|Any CPU
		{009CE274-2646-4E6A-8309-20B5FF9E056C}.Release|Any CPU.Build.0 = Release|Any CPU
	EndGlobalSection
	GlobalSection(SolutionProperties) = preSolution
		HideSolutionNode = FALSE
	EndGlobalSection
	GlobalSection(ExtensibilityGlobals) = postSolution
		SolutionGuid = {0C1DE94E-887F-4944-B3CF-D1F5E2967796}
	EndGlobalSection
EndGlobal
